
Microsoft Visual Studio Solution File, Format Version 12.00
# Visual Studio Version 18
VisualStudioVersion = 18.4.11620.152
MinimumVisualStudioVersion = 10.0.40219.1
Project("{2150E333-8FDC-42A3-9474-1A3956D46DE8}") = "src", "src", "{827E0CD3-B72D-47B6-A68D-7590B98EB39B}"
EndProject
Project("{FAE04EC0-301F-11D3-BF4B-00C04F79EFBC}") = "KernSmith", "src\KernSmith\KernSmith.csproj", "{8019B392-53A7-4AA7-9794-53C5AE878064}"
EndProject
Project("{2150E333-8FDC-42A3-9474-1A3956D46DE8}") = "tests", "tests", "{0AB3BF05-4346-4AA6-1389-037BE0695223}"
EndProject
Project("{FAE04EC0-301F-11D3-BF4B-00C04F79EFBC}") = "KernSmith.Tests", "tests\KernSmith.Tests\KernSmith.Tests.csproj", "{6E23CB56-FA43-4232-846B-3EA5496D0650}"
EndProject
Project("{2150E333-8FDC-42A3-9474-1A3956D46DE8}") = "samples", "samples", "{5D20AA90-6969-D8BD-9DCD-8634F4692FDA}"
EndProject
Project("{2150E333-8FDC-42A3-9474-1A3956D46DE8}") = "tools", "tools", "{7B1A3F5E-2D4C-4E8A-9F6B-1C3D5E7A9B0D}"
EndProject
Project("{FAE04EC0-301F-11D3-BF4B-00C04F79EFBC}") = "KernSmith.Cli", "tools\KernSmith.Cli\KernSmith.Cli.csproj", "{9C625F4E-871B-41E9-9813-5531B65642A7}"
EndProject
Project("{2150E333-8FDC-42A3-9474-1A3956D46DE8}") = "benchmarks", "benchmarks", "{66320409-64EC-F7C5-3DEF-65E7510DAAD1}"
EndProject
Project("{FAE04EC0-301F-11D3-BF4B-00C04F79EFBC}") = "KernSmith.Benchmarks", "benchmarks\KernSmith.Benchmarks\KernSmith.Benchmarks.csproj", "{761CF58F-BBF0-47A8-8C10-384CD0AF7AB1}"
EndProject
Project("{FAE04EC0-301F-11D3-BF4B-00C04F79EFBC}") = "KernSmith.Samples", "samples\KernSmith.Samples\KernSmith.Samples.csproj", "{4372AC64-6EEA-467A-8720-59CB52B29886}"
EndProject
Project("{2150E333-8FDC-42A3-9474-1A3956D46DE8}") = "apps", "apps", "{A1B2C3D4-E5F6-7890-ABCD-EF1234567890}"
EndProject
Project("{FAE04EC0-301F-11D3-BF4B-00C04F79EFBC}") = "KernSmith.Ui", "apps\KernSmith.Ui\KernSmith.Ui.csproj", "{B2C3D4E5-F6A7-8901-BCDE-F12345678901}"
EndProject
Project("{FAE04EC0-301F-11D3-BF4B-00C04F79EFBC}") = "KernSmith.Web", "apps\KernSmith.Web\KernSmith.Web.csproj", "{C3D4E5F6-A7B8-9012-CDEF-123456789012}"
EndProject
Project("{FAE04EC0-301F-11D3-BF4B-00C04F79EFBC}") = "KernSmith.Mobile", "apps\KernSmith.Mobile\KernSmith.Mobile.csproj", "{D4E5F6A7-B8C9-0123-DEF0-234567890123}"
EndProject
Project("{FAE04EC0-301F-11D3-BF4B-00C04F79EFBC}") = "KernSmith.Rasterizers.Gdi", "src\KernSmith.Rasterizers.Gdi\KernSmith.Rasterizers.Gdi.csproj", "{E1F2A3B4-C5D6-7890-ABCD-1234567890EF}"
EndProject
Project("{FAE04EC0-301F-11D3-BF4B-00C04F79EFBC}") = "KernSmith.Rasterizers.DirectWrite.TerraFX", "src\KernSmith.Rasterizers.DirectWrite.TerraFX\KernSmith.Rasterizers.DirectWrite.TerraFX.csproj", "{01B8F9F7-28EE-47DC-A64F-23F490BD432F}"
EndProject
Project("{2150E333-8FDC-42A3-9474-1A3956D46DE8}") = "integrations", "integrations", "{4958D7D8-4791-2CCE-6FFA-082B65933577}"
EndProject
Project("{FAE04EC0-301F-11D3-BF4B-00C04F79EFBC}") = "KernSmith.GumCommon", "integrations\KernSmith.GumCommon\KernSmith.GumCommon.csproj", "{E86DBBA1-3258-43F2-ABA8-647E05E9C1FA}"
EndProject
Project("{FAE04EC0-301F-11D3-BF4B-00C04F79EFBC}") = "KernSmith.MonoGameGum", "integrations\KernSmith.MonoGameGum\KernSmith.MonoGameGum.csproj", "{459B4B57-55B4-4768-9017-5DFBD4093309}"
EndProject
Project("{FAE04EC0-301F-11D3-BF4B-00C04F79EFBC}") = "KernSmith.KniGum", "integrations\KernSmith.KniGum\KernSmith.KniGum.csproj", "{3B0D263E-7C23-4FDD-8FF8-7D549D391BB2}"
EndProject
Global
	GlobalSection(SolutionConfigurationPlatforms) = preSolution
		Debug|Any CPU = Debug|Any CPU
		Debug|x64 = Debug|x64
		Debug|x86 = Debug|x86
		Release|Any CPU = Release|Any CPU
		Release|x64 = Release|x64
		Release|x86 = Release|x86
	EndGlobalSection
	GlobalSection(ProjectConfigurationPlatforms) = postSolution
		{8019B392-53A7-4AA7-9794-53C5AE878064}.Debug|Any CPU.ActiveCfg = Debug|Any CPU
		{8019B392-53A7-4AA7-9794-53C5AE878064}.Debug|Any CPU.Build.0 = Debug|Any CPU
		{8019B392-53A7-4AA7-9794-53C5AE878064}.Debug|x64.ActiveCfg = Debug|Any CPU
		{8019B392-53A7-4AA7-9794-53C5AE878064}.Debug|x64.Build.0 = Debug|Any CPU
		{8019B392-53A7-4AA7-9794-53C5AE878064}.Debug|x86.ActiveCfg = Debug|Any CPU
		{8019B392-53A7-4AA7-9794-53C5AE878064}.Debug|x86.Build.0 = Debug|Any CPU
		{8019B392-53A7-4AA7-9794-53C5AE878064}.Release|Any CPU.ActiveCfg = Release|Any CPU
		{8019B392-53A7-4AA7-9794-53C5AE878064}.Release|Any CPU.Build.0 = Release|Any CPU
		{8019B392-53A7-4AA7-9794-53C5AE878064}.Release|x64.ActiveCfg = Release|Any CPU
		{8019B392-53A7-4AA7-9794-53C5AE878064}.Release|x64.Build.0 = Release|Any CPU
		{8019B392-53A7-4AA7-9794-53C5AE878064}.Release|x86.ActiveCfg = Release|Any CPU
		{8019B392-53A7-4AA7-9794-53C5AE878064}.Release|x86.Build.0 = Release|Any CPU
		{6E23CB56-FA43-4232-846B-3EA5496D0650}.Debug|Any CPU.ActiveCfg = Debug|Any CPU
		{6E23CB56-FA43-4232-846B-3EA5496D0650}.Debug|Any CPU.Build.0 = Debug|Any CPU
		{6E23CB56-FA43-4232-846B-3EA5496D0650}.Debug|x64.ActiveCfg = Debug|Any CPU
		{6E23CB56-FA43-4232-846B-3EA5496D0650}.Debug|x64.Build.0 = Debug|Any CPU
		{6E23CB56-FA43-4232-846B-3EA5496D0650}.Debug|x86.ActiveCfg = Debug|Any CPU
		{6E23CB56-FA43-4232-846B-3EA5496D0650}.Debug|x86.Build.0 = Debug|Any CPU
		{6E23CB56-FA43-4232-846B-3EA5496D0650}.Release|Any CPU.ActiveCfg = Release|Any CPU
		{6E23CB56-FA43-4232-846B-3EA5496D0650}.Release|Any CPU.Build.0 = Release|Any CPU
		{6E23CB56-FA43-4232-846B-3EA5496D0650}.Release|x64.ActiveCfg = Release|Any CPU
		{6E23CB56-FA43-4232-846B-3EA5496D0650}.Release|x64.Build.0 = Release|Any CPU
		{6E23CB56-FA43-4232-846B-3EA5496D0650}.Release|x86.ActiveCfg = Release|Any CPU
		{6E23CB56-FA43-4232-846B-3EA5496D0650}.Release|x86.Build.0 = Release|Any CPU
		{9C625F4E-871B-41E9-9813-5531B65642A7}.Debug|Any CPU.ActiveCfg = Debug|Any CPU
		{9C625F4E-871B-41E9-9813-5531B65642A7}.Debug|Any CPU.Build.0 = Debug|Any CPU
		{9C625F4E-871B-41E9-9813-5531B65642A7}.Debug|x64.ActiveCfg = Debug|Any CPU
		{9C625F4E-871B-41E9-9813-5531B65642A7}.Debug|x64.Build.0 = Debug|Any CPU
		{9C625F4E-871B-41E9-9813-5531B65642A7}.Debug|x86.ActiveCfg = Debug|Any CPU
		{9C625F4E-871B-41E9-9813-5531B65642A7}.Debug|x86.Build.0 = Debug|Any CPU
		{9C625F4E-871B-41E9-9813-5531B65642A7}.Release|Any CPU.ActiveCfg = Release|Any CPU
		{9C625F4E-871B-41E9-9813-5531B65642A7}.Release|Any CPU.Build.0 = Release|Any CPU
		{9C625F4E-871B-41E9-9813-5531B65642A7}.Release|x64.ActiveCfg = Release|Any CPU
		{9C625F4E-871B-41E9-9813-5531B65642A7}.Release|x64.Build.0 = Release|Any CPU
		{9C625F4E-871B-41E9-9813-5531B65642A7}.Release|x86.ActiveCfg = Release|Any CPU
		{9C625F4E-871B-41E9-9813-5531B65642A7}.Release|x86.Build.0 = Release|Any CPU
		{761CF58F-BBF0-47A8-8C10-384CD0AF7AB1}.Debug|Any CPU.ActiveCfg = Debug|Any CPU
		{761CF58F-BBF0-47A8-8C10-384CD0AF7AB1}.Debug|Any CPU.Build.0 = Debug|Any CPU
		{761CF58F-BBF0-47A8-8C10-384CD0AF7AB1}.Debug|x64.ActiveCfg = Debug|Any CPU
		{761CF58F-BBF0-47A8-8C10-384CD0AF7AB1}.Debug|x64.Build.0 = Debug|Any CPU
		{761CF58F-BBF0-47A8-8C10-384CD0AF7AB1}.Debug|x86.ActiveCfg = Debug|Any CPU
		{761CF58F-BBF0-47A8-8C10-384CD0AF7AB1}.Debug|x86.Build.0 = Debug|Any CPU
		{761CF58F-BBF0-47A8-8C10-384CD0AF7AB1}.Release|Any CPU.ActiveCfg = Release|Any CPU
		{761CF58F-BBF0-47A8-8C10-384CD0AF7AB1}.Release|Any CPU.Build.0 = Release|Any CPU
		{761CF58F-BBF0-47A8-8C10-384CD0AF7AB1}.Release|x64.ActiveCfg = Release|Any CPU
		{761CF58F-BBF0-47A8-8C10-384CD0AF7AB1}.Release|x64.Build.0 = Release|Any CPU
		{761CF58F-BBF0-47A8-8C10-384CD0AF7AB1}.Release|x86.ActiveCfg = Release|Any CPU
		{761CF58F-BBF0-47A8-8C10-384CD0AF7AB1}.Release|x86.Build.0 = Release|Any CPU
		{4372AC64-6EEA-467A-8720-59CB52B29886}.Debug|Any CPU.ActiveCfg = Debug|Any CPU
		{4372AC64-6EEA-467A-8720-59CB52B29886}.Debug|Any CPU.Build.0 = Debug|Any CPU
		{4372AC64-6EEA-467A-8720-59CB52B29886}.Debug|x64.ActiveCfg = Debug|Any CPU
		{4372AC64-6EEA-467A-8720-59CB52B29886}.Debug|x64.Build.0 = Debug|Any CPU
		{4372AC64-6EEA-467A-8720-59CB52B29886}.Debug|x86.ActiveCfg = Debug|Any CPU
		{4372AC64-6EEA-467A-8720-59CB52B29886}.Debug|x86.Build.0 = Debug|Any CPU
		{4372AC64-6EEA-467A-8720-59CB52B29886}.Release|Any CPU.ActiveCfg = Release|Any CPU
		{4372AC64-6EEA-467A-8720-59CB52B29886}.Release|Any CPU.Build.0 = Release|Any CPU
		{4372AC64-6EEA-467A-8720-59CB52B29886}.Release|x64.ActiveCfg = Release|Any CPU
		{4372AC64-6EEA-467A-8720-59CB52B29886}.Release|x64.Build.0 = Release|Any CPU
		{4372AC64-6EEA-467A-8720-59CB52B29886}.Release|x86.ActiveCfg = Release|Any CPU
		{4372AC64-6EEA-467A-8720-59CB52B29886}.Release|x86.Build.0 = Release|Any CPU
		{B2C3D4E5-F6A7-8901-BCDE-F12345678901}.Debug|Any CPU.ActiveCfg = Debug|Any CPU
		{B2C3D4E5-F6A7-8901-BCDE-F12345678901}.Debug|Any CPU.Build.0 = Debug|Any CPU
		{B2C3D4E5-F6A7-8901-BCDE-F12345678901}.Debug|x64.ActiveCfg = Debug|Any CPU
		{B2C3D4E5-F6A7-8901-BCDE-F12345678901}.Debug|x64.Build.0 = Debug|Any CPU
		{B2C3D4E5-F6A7-8901-BCDE-F12345678901}.Debug|x86.ActiveCfg = Debug|Any CPU
		{B2C3D4E5-F6A7-8901-BCDE-F12345678901}.Debug|x86.Build.0 = Debug|Any CPU
		{B2C3D4E5-F6A7-8901-BCDE-F12345678901}.Release|Any CPU.ActiveCfg = Release|Any CPU
		{B2C3D4E5-F6A7-8901-BCDE-F12345678901}.Release|Any CPU.Build.0 = Release|Any CPU
		{B2C3D4E5-F6A7-8901-BCDE-F12345678901}.Release|x64.ActiveCfg = Release|Any CPU
		{B2C3D4E5-F6A7-8901-BCDE-F12345678901}.Release|x64.Build.0 = Release|Any CPU
		{B2C3D4E5-F6A7-8901-BCDE-F12345678901}.Release|x86.ActiveCfg = Release|Any CPU
		{B2C3D4E5-F6A7-8901-BCDE-F12345678901}.Release|x86.Build.0 = Release|Any CPU
		{C3D4E5F6-A7B8-9012-CDEF-123456789012}.Debug|Any CPU.ActiveCfg = Debug|Any CPU
		{C3D4E5F6-A7B8-9012-CDEF-123456789012}.Debug|Any CPU.Build.0 = Debug|Any CPU
		{C3D4E5F6-A7B8-9012-CDEF-123456789012}.Debug|x64.ActiveCfg = Debug|Any CPU
		{C3D4E5F6-A7B8-9012-CDEF-123456789012}.Debug|x64.Build.0 = Debug|Any CPU
		{C3D4E5F6-A7B8-9012-CDEF-123456789012}.Debug|x86.ActiveCfg = Debug|Any CPU
		{C3D4E5F6-A7B8-9012-CDEF-123456789012}.Debug|x86.Build.0 = Debug|Any CPU
		{C3D4E5F6-A7B8-9012-CDEF-123456789012}.Release|Any CPU.ActiveCfg = Release|Any CPU
		{C3D4E5F6-A7B8-9012-CDEF-123456789012}.Release|Any CPU.Build.0 = Release|Any CPU
		{C3D4E5F6-A7B8-9012-CDEF-123456789012}.Release|x64.ActiveCfg = Release|Any CPU
		{C3D4E5F6-A7B8-9012-CDEF-123456789012}.Release|x64.Build.0 = Release|Any CPU
		{C3D4E5F6-A7B8-9012-CDEF-123456789012}.Release|x86.ActiveCfg = Release|Any CPU
		{C3D4E5F6-A7B8-9012-CDEF-123456789012}.Release|x86.Build.0 = Release|Any CPU
		{D4E5F6A7-B8C9-0123-DEF0-234567890123}.Debug|Any CPU.ActiveCfg = Debug|Any CPU
		{D4E5F6A7-B8C9-0123-DEF0-234567890123}.Debug|Any CPU.Build.0 = Debug|Any CPU
		{D4E5F6A7-B8C9-0123-DEF0-234567890123}.Debug|x64.ActiveCfg = Debug|Any CPU
		{D4E5F6A7-B8C9-0123-DEF0-234567890123}.Debug|x64.Build.0 = Debug|Any CPU
		{D4E5F6A7-B8C9-0123-DEF0-234567890123}.Debug|x86.ActiveCfg = Debug|Any CPU
		{D4E5F6A7-B8C9-0123-DEF0-234567890123}.Debug|x86.Build.0 = Debug|Any CPU
		{D4E5F6A7-B8C9-0123-DEF0-234567890123}.Release|Any CPU.ActiveCfg = Release|Any CPU
		{D4E5F6A7-B8C9-0123-DEF0-234567890123}.Release|Any CPU.Build.0 = Release|Any CPU
		{D4E5F6A7-B8C9-0123-DEF0-234567890123}.Release|x64.ActiveCfg = Release|Any CPU
		{D4E5F6A7-B8C9-0123-DEF0-234567890123}.Release|x64.Build.0 = Release|Any CPU
		{D4E5F6A7-B8C9-0123-DEF0-234567890123}.Release|x86.ActiveCfg = Release|Any CPU
		{D4E5F6A7-B8C9-0123-DEF0-234567890123}.Release|x86.Build.0 = Release|Any CPU
		{E1F2A3B4-C5D6-7890-ABCD-1234567890EF}.Debug|Any CPU.ActiveCfg = Debug|Any CPU
		{E1F2A3B4-C5D6-7890-ABCD-1234567890EF}.Debug|Any CPU.Build.0 = Debug|Any CPU
		{E1F2A3B4-C5D6-7890-ABCD-1234567890EF}.Debug|x64.ActiveCfg = Debug|Any CPU
		{E1F2A3B4-C5D6-7890-ABCD-1234567890EF}.Debug|x64.Build.0 = Debug|Any CPU
		{E1F2A3B4-C5D6-7890-ABCD-1234567890EF}.Debug|x86.ActiveCfg = Debug|Any CPU
		{E1F2A3B4-C5D6-7890-ABCD-1234567890EF}.Debug|x86.Build.0 = Debug|Any CPU
		{E1F2A3B4-C5D6-7890-ABCD-1234567890EF}.Release|Any CPU.ActiveCfg = Release|Any CPU
		{E1F2A3B4-C5D6-7890-ABCD-1234567890EF}.Release|Any CPU.Build.0 = Release|Any CPU
		{E1F2A3B4-C5D6-7890-ABCD-1234567890EF}.Release|x64.ActiveCfg = Release|Any CPU
		{E1F2A3B4-C5D6-7890-ABCD-1234567890EF}.Release|x64.Build.0 = Release|Any CPU
		{E1F2A3B4-C5D6-7890-ABCD-1234567890EF}.Release|x86.ActiveCfg = Release|Any CPU
		{E1F2A3B4-C5D6-7890-ABCD-1234567890EF}.Release|x86.Build.0 = Release|Any CPU
		{01B8F9F7-28EE-47DC-A64F-23F490BD432F}.Debug|Any CPU.ActiveCfg = Debug|Any CPU
		{01B8F9F7-28EE-47DC-A64F-23F490BD432F}.Debug|Any CPU.Build.0 = Debug|Any CPU
		{01B8F9F7-28EE-47DC-A64F-23F490BD432F}.Debug|x64.ActiveCfg = Debug|Any CPU
		{01B8F9F7-28EE-47DC-A64F-23F490BD432F}.Debug|x64.Build.0 = Debug|Any CPU
		{01B8F9F7-28EE-47DC-A64F-23F490BD432F}.Debug|x86.ActiveCfg = Debug|Any CPU
		{01B8F9F7-28EE-47DC-A64F-23F490BD432F}.Debug|x86.Build.0 = Debug|Any CPU
		{01B8F9F7-28EE-47DC-A64F-23F490BD432F}.Release|Any CPU.ActiveCfg = Release|Any CPU
		{01B8F9F7-28EE-47DC-A64F-23F490BD432F}.Release|Any CPU.Build.0 = Release|Any CPU
		{01B8F9F7-28EE-47DC-A64F-23F490BD432F}.Release|x64.ActiveCfg = Release|Any CPU
		{01B8F9F7-28EE-47DC-A64F-23F490BD432F}.Release|x64.Build.0 = Release|Any CPU
		{01B8F9F7-28EE-47DC-A64F-23F490BD432F}.Release|x86.ActiveCfg = Release|Any CPU
		{01B8F9F7-28EE-47DC-A64F-23F490BD432F}.Release|x86.Build.0 = Release|Any CPU
		{E86DBBA1-3258-43F2-ABA8-647E05E9C1FA}.Debug|Any CPU.ActiveCfg = Debug|Any CPU
		{E86DBBA1-3258-43F2-ABA8-647E05E9C1FA}.Debug|Any CPU.Build.0 = Debug|Any CPU
		{E86DBBA1-3258-43F2-ABA8-647E05E9C1FA}.Debug|x64.ActiveCfg = Debug|Any CPU
		{E86DBBA1-3258-43F2-ABA8-647E05E9C1FA}.Debug|x64.Build.0 = Debug|Any CPU
		{E86DBBA1-3258-43F2-ABA8-647E05E9C1FA}.Debug|x86.ActiveCfg = Debug|Any CPU
		{E86DBBA1-3258-43F2-ABA8-647E05E9C1FA}.Debug|x86.Build.0 = Debug|Any CPU
		{E86DBBA1-3258-43F2-ABA8-647E05E9C1FA}.Release|Any CPU.ActiveCfg = Release|Any CPU
		{E86DBBA1-3258-43F2-ABA8-647E05E9C1FA}.Release|Any CPU.Build.0 = Release|Any CPU
		{E86DBBA1-3258-43F2-ABA8-647E05E9C1FA}.Release|x64.ActiveCfg = Release|Any CPU
		{E86DBBA1-3258-43F2-ABA8-647E05E9C1FA}.Release|x64.Build.0 = Release|Any CPU
		{E86DBBA1-3258-43F2-ABA8-647E05E9C1FA}.Release|x86.ActiveCfg = Release|Any CPU
		{E86DBBA1-3258-43F2-ABA8-647E05E9C1FA}.Release|x86.Build.0 = Release|Any CPU
		{459B4B57-55B4-4768-9017-5DFBD4093309}.Debug|Any CPU.ActiveCfg = Debug|Any CPU
		{459B4B57-55B4-4768-9017-5DFBD4093309}.Debug|Any CPU.Build.0 = Debug|Any CPU
		{459B4B57-55B4-4768-9017-5DFBD4093309}.Debug|x64.ActiveCfg = Debug|Any CPU
		{459B4B57-55B4-4768-9017-5DFBD4093309}.Debug|x64.Build.0 = Debug|Any CPU
		{459B4B57-55B4-4768-9017-5DFBD4093309}.Debug|x86.ActiveCfg = Debug|Any CPU
		{459B4B57-55B4-4768-9017-5DFBD4093309}.Debug|x86.Build.0 = Debug|Any CPU
		{459B4B57-55B4-4768-9017-5DFBD4093309}.Release|Any CPU.ActiveCfg = Release|Any CPU
		{459B4B57-55B4-4768-9017-5DFBD4093309}.Release|Any CPU.Build.0 = Release|Any CPU
		{459B4B57-55B4-4768-9017-5DFBD4093309}.Release|x64.ActiveCfg = Release|Any CPU
		{459B4B57-55B4-4768-9017-5DFBD4093309}.Release|x64.Build.0 = Release|Any CPU
		{459B4B57-55B4-4768-9017-5DFBD4093309}.Release|x86.ActiveCfg = Release|Any CPU
		{459B4B57-55B4-4768-9017-5DFBD4093309}.Release|x86.Build.0 = Release|Any CPU
		{3B0D263E-7C23-4FDD-8FF8-7D549D391BB2}.Debug|Any CPU.ActiveCfg = Debug|Any CPU
		{3B0D263E-7C23-4FDD-8FF8-7D549D391BB2}.Debug|Any CPU.Build.0 = Debug|Any CPU
		{3B0D263E-7C23-4FDD-8FF8-7D549D391BB2}.Debug|x64.ActiveCfg = Debug|Any CPU
		{3B0D263E-7C23-4FDD-8FF8-7D549D391BB2}.Debug|x64.Build.0 = Debug|Any CPU
		{3B0D263E-7C23-4FDD-8FF8-7D549D391BB2}.Debug|x86.ActiveCfg = Debug|Any CPU
		{3B0D263E-7C23-4FDD-8FF8-7D549D391BB2}.Debug|x86.Build.0 = Debug|Any CPU
		{3B0D263E-7C23-4FDD-8FF8-7D549D391BB2}.Release|Any CPU.ActiveCfg = Release|Any CPU
		{3B0D263E-7C23-4FDD-8FF8-7D549D391BB2}.Release|Any CPU.Build.0 = Release|Any CPU
		{3B0D263E-7C23-4FDD-8FF8-7D549D391BB2}.Release|x64.ActiveCfg = Release|Any CPU
		{3B0D263E-7C23-4FDD-8FF8-7D549D391BB2}.Release|x64.Build.0 = Release|Any CPU
		{3B0D263E-7C23-4FDD-8FF8-7D549D391BB2}.Release|x86.ActiveCfg = Release|Any CPU
		{3B0D263E-7C23-4FDD-8FF8-7D549D391BB2}.Release|x86.Build.0 = Release|Any CPU
	EndGlobalSection
	GlobalSection(SolutionProperties) = preSolution
		HideSolutionNode = FALSE
	EndGlobalSection
	GlobalSection(NestedProjects) = preSolution
		{8019B392-53A7-4AA7-9794-53C5AE878064} = {827E0CD3-B72D-47B6-A68D-7590B98EB39B}
		{6E23CB56-FA43-4232-846B-3EA5496D0650} = {0AB3BF05-4346-4AA6-1389-037BE0695223}
		{9C625F4E-871B-41E9-9813-5531B65642A7} = {7B1A3F5E-2D4C-4E8A-9F6B-1C3D5E7A9B0D}
		{761CF58F-BBF0-47A8-8C10-384CD0AF7AB1} = {66320409-64EC-F7C5-3DEF-65E7510DAAD1}
		{4372AC64-6EEA-467A-8720-59CB52B29886} = {5D20AA90-6969-D8BD-9DCD-8634F4692FDA}
		{B2C3D4E5-F6A7-8901-BCDE-F12345678901} = {A1B2C3D4-E5F6-7890-ABCD-EF1234567890}
		{C3D4E5F6-A7B8-9012-CDEF-123456789012} = {A1B2C3D4-E5F6-7890-ABCD-EF1234567890}
		{D4E5F6A7-B8C9-0123-DEF0-234567890123} = {A1B2C3D4-E5F6-7890-ABCD-EF1234567890}
		{E1F2A3B4-C5D6-7890-ABCD-1234567890EF} = {827E0CD3-B72D-47B6-A68D-7590B98EB39B}
		{01B8F9F7-28EE-47DC-A64F-23F490BD432F} = {827E0CD3-B72D-47B6-A68D-7590B98EB39B}
		{E86DBBA1-3258-43F2-ABA8-647E05E9C1FA} = {4958D7D8-4791-2CCE-6FFA-082B65933577}
		{459B4B57-55B4-4768-9017-5DFBD4093309} = {4958D7D8-4791-2CCE-6FFA-082B65933577}
		{3B0D263E-7C23-4FDD-8FF8-7D549D391BB2} = {4958D7D8-4791-2CCE-6FFA-082B65933577}
	EndGlobalSection
EndGlobal
