### YamlMime:ManagedReference
items:
- uid: KernSmith.Output.Model.InfoBlock
  commentId: T:KernSmith.Output.Model.InfoBlock
  id: InfoBlock
  parent: KernSmith.Output.Model
  children:
  - KernSmith.Output.Model.InfoBlock.#ctor(System.String,System.Int32,System.Boolean,System.Boolean,System.Boolean,System.Boolean,System.Boolean,System.Int32,System.String,System.Int32,KernSmith.Padding,KernSmith.Spacing,System.Int32)
  - KernSmith.Output.Model.InfoBlock.Aa
  - KernSmith.Output.Model.InfoBlock.Bold
  - KernSmith.Output.Model.InfoBlock.Charset
  - KernSmith.Output.Model.InfoBlock.Face
  - KernSmith.Output.Model.InfoBlock.FixedHeight
  - KernSmith.Output.Model.InfoBlock.Italic
  - KernSmith.Output.Model.InfoBlock.Outline
  - KernSmith.Output.Model.InfoBlock.Padding
  - KernSmith.Output.Model.InfoBlock.Size
  - KernSmith.Output.Model.InfoBlock.Smooth
  - KernSmith.Output.Model.InfoBlock.Spacing
  - KernSmith.Output.Model.InfoBlock.StretchH
  - KernSmith.Output.Model.InfoBlock.Unicode
  langs:
  - csharp
  - vb
  name: InfoBlock
  nameWithType: InfoBlock
  fullName: KernSmith.Output.Model.InfoBlock
  type: Class
  source:
    remote:
      path: src/KernSmith/Output/Model/InfoBlock.cs
      branch: main
      repo: https://github.com/kaltinril/Kernsmith.git
    id: InfoBlock
    path: src/KernSmith/Output/Model/InfoBlock.cs
    startLine: 5
  assemblies:
  - KernSmith
  namespace: KernSmith.Output.Model
  summary: BMFont info block — font metadata and generation settings.
  example: []
  syntax:
    content: 'public sealed record InfoBlock : IEquatable<InfoBlock>'
    content.vb: Public NotInheritable Class InfoBlock Implements IEquatable(Of InfoBlock)
  inheritance:
  - System.Object
  implements:
  - System.IEquatable{KernSmith.Output.Model.InfoBlock}
  inheritedMembers:
  - System.Object.Equals(System.Object)
  - System.Object.Equals(System.Object,System.Object)
  - System.Object.GetHashCode
  - System.Object.GetType
  - System.Object.ReferenceEquals(System.Object,System.Object)
  - System.Object.ToString
- uid: KernSmith.Output.Model.InfoBlock.#ctor(System.String,System.Int32,System.Boolean,System.Boolean,System.Boolean,System.Boolean,System.Boolean,System.Int32,System.String,System.Int32,KernSmith.Padding,KernSmith.Spacing,System.Int32)
  commentId: M:KernSmith.Output.Model.InfoBlock.#ctor(System.String,System.Int32,System.Boolean,System.Boolean,System.Boolean,System.Boolean,System.Boolean,System.Int32,System.String,System.Int32,KernSmith.Padding,KernSmith.Spacing,System.Int32)
  id: '#ctor(System.String,System.Int32,System.Boolean,System.Boolean,System.Boolean,System.Boolean,System.Boolean,System.Int32,System.String,System.Int32,KernSmith.Padding,KernSmith.Spacing,System.Int32)'
  parent: KernSmith.Output.Model.InfoBlock
  langs:
  - csharp
  - vb
  name: InfoBlock(string, int, bool, bool, bool, bool, bool, int, string, int, Padding, Spacing, int)
  nameWithType: InfoBlock.InfoBlock(string, int, bool, bool, bool, bool, bool, int, string, int, Padding, Spacing, int)
  fullName: KernSmith.Output.Model.InfoBlock.InfoBlock(string, int, bool, bool, bool, bool, bool, int, string, int, KernSmith.Padding, KernSmith.Spacing, int)
  type: Constructor
  source:
    remote:
      path: src/KernSmith/Output/Model/InfoBlock.cs
      branch: main
      repo: https://github.com/kaltinril/Kernsmith.git
    id: .ctor
    path: src/KernSmith/Output/Model/InfoBlock.cs
    startLine: 5
  assemblies:
  - KernSmith
  namespace: KernSmith.Output.Model
  summary: BMFont info block — font metadata and generation settings.
  example: []
  syntax:
    content: public InfoBlock(string Face, int Size, bool Bold, bool Italic, bool Unicode, bool Smooth, bool FixedHeight, int StretchH, string Charset, int Aa, Padding Padding, Spacing Spacing, int Outline = 0)
    parameters:
    - id: Face
      type: System.String
    - id: Size
      type: System.Int32
    - id: Bold
      type: System.Boolean
    - id: Italic
      type: System.Boolean
    - id: Unicode
      type: System.Boolean
    - id: Smooth
      type: System.Boolean
    - id: FixedHeight
      type: System.Boolean
    - id: StretchH
      type: System.Int32
    - id: Charset
      type: System.String
    - id: Aa
      type: System.Int32
    - id: Padding
      type: KernSmith.Padding
    - id: Spacing
      type: KernSmith.Spacing
    - id: Outline
      type: System.Int32
    content.vb: Public Sub New(Face As String, Size As Integer, Bold As Boolean, Italic As Boolean, Unicode As Boolean, Smooth As Boolean, FixedHeight As Boolean, StretchH As Integer, Charset As String, Aa As Integer, Padding As Padding, Spacing As Spacing, Outline As Integer = 0)
  overload: KernSmith.Output.Model.InfoBlock.#ctor*
  nameWithType.vb: InfoBlock.New(String, Integer, Boolean, Boolean, Boolean, Boolean, Boolean, Integer, String, Integer, Padding, Spacing, Integer)
  fullName.vb: KernSmith.Output.Model.InfoBlock.New(String, Integer, Boolean, Boolean, Boolean, Boolean, Boolean, Integer, String, Integer, KernSmith.Padding, KernSmith.Spacing, Integer)
  name.vb: New(String, Integer, Boolean, Boolean, Boolean, Boolean, Boolean, Integer, String, Integer, Padding, Spacing, Integer)
- uid: KernSmith.Output.Model.InfoBlock.Face
  commentId: P:KernSmith.Output.Model.InfoBlock.Face
  id: Face
  parent: KernSmith.Output.Model.InfoBlock
  langs:
  - csharp
  - vb
  name: Face
  nameWithType: InfoBlock.Face
  fullName: KernSmith.Output.Model.InfoBlock.Face
  type: Property
  source:
    remote:
      path: src/KernSmith/Output/Model/InfoBlock.cs
      branch: main
      repo: https://github.com/kaltinril/Kernsmith.git
    id: Face
    path: src/KernSmith/Output/Model/InfoBlock.cs
    startLine: 6
  assemblies:
  - KernSmith
  namespace: KernSmith.Output.Model
  syntax:
    content: public string Face { get; init; }
    parameters: []
    return:
      type: System.String
    content.vb: Public Property Face As String
  overload: KernSmith.Output.Model.InfoBlock.Face*
- uid: KernSmith.Output.Model.InfoBlock.Size
  commentId: P:KernSmith.Output.Model.InfoBlock.Size
  id: Size
  parent: KernSmith.Output.Model.InfoBlock
  langs:
  - csharp
  - vb
  name: Size
  nameWithType: InfoBlock.Size
  fullName: KernSmith.Output.Model.InfoBlock.Size
  type: Property
  source:
    remote:
      path: src/KernSmith/Output/Model/InfoBlock.cs
      branch: main
      repo: https://github.com/kaltinril/Kernsmith.git
    id: Size
    path: src/KernSmith/Output/Model/InfoBlock.cs
    startLine: 7
  assemblies:
  - KernSmith
  namespace: KernSmith.Output.Model
  syntax:
    content: public int Size { get; init; }
    parameters: []
    return:
      type: System.Int32
    content.vb: Public Property Size As Integer
  overload: KernSmith.Output.Model.InfoBlock.Size*
- uid: KernSmith.Output.Model.InfoBlock.Bold
  commentId: P:KernSmith.Output.Model.InfoBlock.Bold
  id: Bold
  parent: KernSmith.Output.Model.InfoBlock
  langs:
  - csharp
  - vb
  name: Bold
  nameWithType: InfoBlock.Bold
  fullName: KernSmith.Output.Model.InfoBlock.Bold
  type: Property
  source:
    remote:
      path: src/KernSmith/Output/Model/InfoBlock.cs
      branch: main
      repo: https://github.com/kaltinril/Kernsmith.git
    id: Bold
    path: src/KernSmith/Output/Model/InfoBlock.cs
    startLine: 8
  assemblies:
  - KernSmith
  namespace: KernSmith.Output.Model
  syntax:
    content: public bool Bold { get; init; }
    parameters: []
    return:
      type: System.Boolean
    content.vb: Public Property Bold As Boolean
  overload: KernSmith.Output.Model.InfoBlock.Bold*
- uid: KernSmith.Output.Model.InfoBlock.Italic
  commentId: P:KernSmith.Output.Model.InfoBlock.Italic
  id: Italic
  parent: KernSmith.Output.Model.InfoBlock
  langs:
  - csharp
  - vb
  name: Italic
  nameWithType: InfoBlock.Italic
  fullName: KernSmith.Output.Model.InfoBlock.Italic
  type: Property
  source:
    remote:
      path: src/KernSmith/Output/Model/InfoBlock.cs
      branch: main
      repo: https://github.com/kaltinril/Kernsmith.git
    id: Italic
    path: src/KernSmith/Output/Model/InfoBlock.cs
    startLine: 9
  assemblies:
  - KernSmith
  namespace: KernSmith.Output.Model
  syntax:
    content: public bool Italic { get; init; }
    parameters: []
    return:
      type: System.Boolean
    content.vb: Public Property Italic As Boolean
  overload: KernSmith.Output.Model.InfoBlock.Italic*
- uid: KernSmith.Output.Model.InfoBlock.Unicode
  commentId: P:KernSmith.Output.Model.InfoBlock.Unicode
  id: Unicode
  parent: KernSmith.Output.Model.InfoBlock
  langs:
  - csharp
  - vb
  name: Unicode
  nameWithType: InfoBlock.Unicode
  fullName: KernSmith.Output.Model.InfoBlock.Unicode
  type: Property
  source:
    remote:
      path: src/KernSmith/Output/Model/InfoBlock.cs
      branch: main
      repo: https://github.com/kaltinril/Kernsmith.git
    id: Unicode
    path: src/KernSmith/Output/Model/InfoBlock.cs
    startLine: 10
  assemblies:
  - KernSmith
  namespace: KernSmith.Output.Model
  syntax:
    content: public bool Unicode { get; init; }
    parameters: []
    return:
      type: System.Boolean
    content.vb: Public Property Unicode As Boolean
  overload: KernSmith.Output.Model.InfoBlock.Unicode*
- uid: KernSmith.Output.Model.InfoBlock.Smooth
  commentId: P:KernSmith.Output.Model.InfoBlock.Smooth
  id: Smooth
  parent: KernSmith.Output.Model.InfoBlock
  langs:
  - csharp
  - vb
  name: Smooth
  nameWithType: InfoBlock.Smooth
  fullName: KernSmith.Output.Model.InfoBlock.Smooth
  type: Property
  source:
    remote:
      path: src/KernSmith/Output/Model/InfoBlock.cs
      branch: main
      repo: https://github.com/kaltinril/Kernsmith.git
    id: Smooth
    path: src/KernSmith/Output/Model/InfoBlock.cs
    startLine: 11
  assemblies:
  - KernSmith
  namespace: KernSmith.Output.Model
  syntax:
    content: public bool Smooth { get; init; }
    parameters: []
    return:
      type: System.Boolean
    content.vb: Public Property Smooth As Boolean
  overload: KernSmith.Output.Model.InfoBlock.Smooth*
- uid: KernSmith.Output.Model.InfoBlock.FixedHeight
  commentId: P:KernSmith.Output.Model.InfoBlock.FixedHeight
  id: FixedHeight
  parent: KernSmith.Output.Model.InfoBlock
  langs:
  - csharp
  - vb
  name: FixedHeight
  nameWithType: InfoBlock.FixedHeight
  fullName: KernSmith.Output.Model.InfoBlock.FixedHeight
  type: Property
  source:
    remote:
      path: src/KernSmith/Output/Model/InfoBlock.cs
      branch: main
      repo: https://github.com/kaltinril/Kernsmith.git
    id: FixedHeight
    path: src/KernSmith/Output/Model/InfoBlock.cs
    startLine: 12
  assemblies:
  - KernSmith
  namespace: KernSmith.Output.Model
  syntax:
    content: public bool FixedHeight { get; init; }
    parameters: []
    return:
      type: System.Boolean
    content.vb: Public Property FixedHeight As Boolean
  overload: KernSmith.Output.Model.InfoBlock.FixedHeight*
- uid: KernSmith.Output.Model.InfoBlock.Padding
  commentId: P:KernSmith.Output.Model.InfoBlock.Padding
  id: Padding
  parent: KernSmith.Output.Model.InfoBlock
  langs:
  - csharp
  - vb
  name: Padding
  nameWithType: InfoBlock.Padding
  fullName: KernSmith.Output.Model.InfoBlock.Padding
  type: Property
  source:
    remote:
      path: src/KernSmith/Output/Model/InfoBlock.cs
      branch: main
      repo: https://github.com/kaltinril/Kernsmith.git
    id: Padding
    path: src/KernSmith/Output/Model/InfoBlock.cs
    startLine: 16
  assemblies:
  - KernSmith
  namespace: KernSmith.Output.Model
  syntax:
    content: public Padding Padding { get; init; }
    parameters: []
    return:
      type: KernSmith.Padding
    content.vb: Public Property Padding As Padding
  overload: KernSmith.Output.Model.InfoBlock.Padding*
- uid: KernSmith.Output.Model.InfoBlock.Spacing
  commentId: P:KernSmith.Output.Model.InfoBlock.Spacing
  id: Spacing
  parent: KernSmith.Output.Model.InfoBlock
  langs:
  - csharp
  - vb
  name: Spacing
  nameWithType: InfoBlock.Spacing
  fullName: KernSmith.Output.Model.InfoBlock.Spacing
  type: Property
  source:
    remote:
      path: src/KernSmith/Output/Model/InfoBlock.cs
      branch: main
      repo: https://github.com/kaltinril/Kernsmith.git
    id: Spacing
    path: src/KernSmith/Output/Model/InfoBlock.cs
    startLine: 17
  assemblies:
  - KernSmith
  namespace: KernSmith.Output.Model
  syntax:
    content: public Spacing Spacing { get; init; }
    parameters: []
    return:
      type: KernSmith.Spacing
    content.vb: Public Property Spacing As Spacing
  overload: KernSmith.Output.Model.InfoBlock.Spacing*
- uid: KernSmith.Output.Model.InfoBlock.StretchH
  commentId: P:KernSmith.Output.Model.InfoBlock.StretchH
  id: StretchH
  parent: KernSmith.Output.Model.InfoBlock
  langs:
  - csharp
  - vb
  name: StretchH
  nameWithType: InfoBlock.StretchH
  fullName: KernSmith.Output.Model.InfoBlock.StretchH
  type: Property
  source:
    remote:
      path: src/KernSmith/Output/Model/InfoBlock.cs
      branch: main
      repo: https://github.com/kaltinril/Kernsmith.git
    id: StretchH
    path: src/KernSmith/Output/Model/InfoBlock.cs
    startLine: 21
  assemblies:
  - KernSmith
  namespace: KernSmith.Output.Model
  summary: Horizontal stretch percentage.
  example: []
  syntax:
    content: public int StretchH { get; init; }
    parameters: []
    return:
      type: System.Int32
    content.vb: Public Property StretchH As Integer
  overload: KernSmith.Output.Model.InfoBlock.StretchH*
- uid: KernSmith.Output.Model.InfoBlock.Charset
  commentId: P:KernSmith.Output.Model.InfoBlock.Charset
  id: Charset
  parent: KernSmith.Output.Model.InfoBlock
  langs:
  - csharp
  - vb
  name: Charset
  nameWithType: InfoBlock.Charset
  fullName: KernSmith.Output.Model.InfoBlock.Charset
  type: Property
  source:
    remote:
      path: src/KernSmith/Output/Model/InfoBlock.cs
      branch: main
      repo: https://github.com/kaltinril/Kernsmith.git
    id: Charset
    path: src/KernSmith/Output/Model/InfoBlock.cs
    startLine: 24
  assemblies:
  - KernSmith
  namespace: KernSmith.Output.Model
  summary: Character set string.
  example: []
  syntax:
    content: public string Charset { get; init; }
    parameters: []
    return:
      type: System.String
    content.vb: Public Property Charset As String
  overload: KernSmith.Output.Model.InfoBlock.Charset*
- uid: KernSmith.Output.Model.InfoBlock.Aa
  commentId: P:KernSmith.Output.Model.InfoBlock.Aa
  id: Aa
  parent: KernSmith.Output.Model.InfoBlock
  langs:
  - csharp
  - vb
  name: Aa
  nameWithType: InfoBlock.Aa
  fullName: KernSmith.Output.Model.InfoBlock.Aa
  type: Property
  source:
    remote:
      path: src/KernSmith/Output/Model/InfoBlock.cs
      branch: main
      repo: https://github.com/kaltinril/Kernsmith.git
    id: Aa
    path: src/KernSmith/Output/Model/InfoBlock.cs
    startLine: 27
  assemblies:
  - KernSmith
  namespace: KernSmith.Output.Model
  summary: Anti-aliasing level.
  example: []
  syntax:
    content: public int Aa { get; init; }
    parameters: []
    return:
      type: System.Int32
    content.vb: Public Property Aa As Integer
  overload: KernSmith.Output.Model.InfoBlock.Aa*
- uid: KernSmith.Output.Model.InfoBlock.Outline
  commentId: P:KernSmith.Output.Model.InfoBlock.Outline
  id: Outline
  parent: KernSmith.Output.Model.InfoBlock
  langs:
  - csharp
  - vb
  name: Outline
  nameWithType: InfoBlock.Outline
  fullName: KernSmith.Output.Model.InfoBlock.Outline
  type: Property
  source:
    remote:
      path: src/KernSmith/Output/Model/InfoBlock.cs
      branch: main
      repo: https://github.com/kaltinril/Kernsmith.git
    id: Outline
    path: src/KernSmith/Output/Model/InfoBlock.cs
    startLine: 30
  assemblies:
  - KernSmith
  namespace: KernSmith.Output.Model
  summary: Outline thickness in pixels. 0 = no outline.
  example: []
  syntax:
    content: public int Outline { get; init; }
    parameters: []
    return:
      type: System.Int32
    content.vb: Public Property Outline As Integer
  overload: KernSmith.Output.Model.InfoBlock.Outline*
references:
- uid: KernSmith.Output.Model
  commentId: N:KernSmith.Output.Model
  href: KernSmith.html
  name: KernSmith.Output.Model
  nameWithType: KernSmith.Output.Model
  fullName: KernSmith.Output.Model
  spec.csharp:
  - uid: KernSmith
    name: KernSmith
    href: KernSmith.html
  - name: .
  - uid: KernSmith.Output
    name: Output
    href: KernSmith.Output.html
  - name: .
  - uid: KernSmith.Output.Model
    name: Model
    href: KernSmith.Output.Model.html
  spec.vb:
  - uid: KernSmith
    name: KernSmith
    href: KernSmith.html
  - name: .
  - uid: KernSmith.Output
    name: Output
    href: KernSmith.Output.html
  - name: .
  - uid: KernSmith.Output.Model
    name: Model
    href: KernSmith.Output.Model.html
- uid: System.Object
  commentId: T:System.Object
  parent: System
  isExternal: true
  href: https://learn.microsoft.com/dotnet/api/system.object
  name: object
  nameWithType: object
  fullName: object
  nameWithType.vb: Object
  fullName.vb: Object
  name.vb: Object
- uid: System.IEquatable{KernSmith.Output.Model.InfoBlock}
  commentId: T:System.IEquatable{KernSmith.Output.Model.InfoBlock}
  parent: System
  definition: System.IEquatable`1
  href: https://learn.microsoft.com/dotnet/api/system.iequatable-1
  name: IEquatable<InfoBlock>
  nameWithType: IEquatable<InfoBlock>
  fullName: System.IEquatable<KernSmith.Output.Model.InfoBlock>
  nameWithType.vb: IEquatable(Of InfoBlock)
  fullName.vb: System.IEquatable(Of KernSmith.Output.Model.InfoBlock)
  name.vb: IEquatable(Of InfoBlock)
  spec.csharp:
  - uid: System.IEquatable`1
    name: IEquatable
    isExternal: true
    href: https://learn.microsoft.com/dotnet/api/system.iequatable-1
  - name: <
  - uid: KernSmith.Output.Model.InfoBlock
    name: InfoBlock
    href: KernSmith.Output.Model.InfoBlock.html
  - name: '>'
  spec.vb:
  - uid: System.IEquatable`1
    name: IEquatable
    isExternal: true
    href: https://learn.microsoft.com/dotnet/api/system.iequatable-1
  - name: (
  - name: Of
  - name: " "
  - uid: KernSmith.Output.Model.InfoBlock
    name: InfoBlock
    href: KernSmith.Output.Model.InfoBlock.html
  - name: )
- uid: System.Object.Equals(System.Object)
  commentId: M:System.Object.Equals(System.Object)
  parent: System.Object
  isExternal: true
  href: https://learn.microsoft.com/dotnet/api/system.object.equals#system-object-equals(system-object)
  name: Equals(object)
  nameWithType: object.Equals(object)
  fullName: object.Equals(object)
  nameWithType.vb: Object.Equals(Object)
  fullName.vb: Object.Equals(Object)
  name.vb: Equals(Object)
  spec.csharp:
  - uid: System.Object.Equals(System.Object)
    name: Equals
    isExternal: true
    href: https://learn.microsoft.com/dotnet/api/system.object.equals#system-object-equals(system-object)
  - name: (
  - uid: System.Object
    name: object
    isExternal: true
    href: https://learn.microsoft.com/dotnet/api/system.object
  - name: )
  spec.vb:
  - uid: System.Object.Equals(System.Object)
    name: Equals
    isExternal: true
    href: https://learn.microsoft.com/dotnet/api/system.object.equals#system-object-equals(system-object)
  - name: (
  - uid: System.Object
    name: Object
    isExternal: true
    href: https://learn.microsoft.com/dotnet/api/system.object
  - name: )
- uid: System.Object.Equals(System.Object,System.Object)
  commentId: M:System.Object.Equals(System.Object,System.Object)
  parent: System.Object
  isExternal: true
  href: https://learn.microsoft.com/dotnet/api/system.object.equals#system-object-equals(system-object-system-object)
  name: Equals(object, object)
  nameWithType: object.Equals(object, object)
  fullName: object.Equals(object, object)
  nameWithType.vb: Object.Equals(Object, Object)
  fullName.vb: Object.Equals(Object, Object)
  name.vb: Equals(Object, Object)
  spec.csharp:
  - uid: System.Object.Equals(System.Object,System.Object)
    name: Equals
    isExternal: true
    href: https://learn.microsoft.com/dotnet/api/system.object.equals#system-object-equals(system-object-system-object)
  - name: (
  - uid: System.Object
    name: object
    isExternal: true
    href: https://learn.microsoft.com/dotnet/api/system.object
  - name: ','
  - name: " "
  - uid: System.Object
    name: object
    isExternal: true
    href: https://learn.microsoft.com/dotnet/api/system.object
  - name: )
  spec.vb:
  - uid: System.Object.Equals(System.Object,System.Object)
    name: Equals
    isExternal: true
    href: https://learn.microsoft.com/dotnet/api/system.object.equals#system-object-equals(system-object-system-object)
  - name: (
  - uid: System.Object
    name: Object
    isExternal: true
    href: https://learn.microsoft.com/dotnet/api/system.object
  - name: ','
  - name: " "
  - uid: System.Object
    name: Object
    isExternal: true
    href: https://learn.microsoft.com/dotnet/api/system.object
  - name: )
- uid: System.Object.GetHashCode
  commentId: M:System.Object.GetHashCode
  parent: System.Object
  isExternal: true
  href: https://learn.microsoft.com/dotnet/api/system.object.gethashcode
  name: GetHashCode()
  nameWithType: object.GetHashCode()
  fullName: object.GetHashCode()
  nameWithType.vb: Object.GetHashCode()
  fullName.vb: Object.GetHashCode()
  spec.csharp:
  - uid: System.Object.GetHashCode
    name: GetHashCode
    isExternal: true
    href: https://learn.microsoft.com/dotnet/api/system.object.gethashcode
  - name: (
  - name: )
  spec.vb:
  - uid: System.Object.GetHashCode
    name: GetHashCode
    isExternal: true
    href: https://learn.microsoft.com/dotnet/api/system.object.gethashcode
  - name: (
  - name: )
- uid: System.Object.GetType
  commentId: M:System.Object.GetType
  parent: System.Object
  isExternal: true
  href: https://learn.microsoft.com/dotnet/api/system.object.gettype
  name: GetType()
  nameWithType: object.GetType()
  fullName: object.GetType()
  nameWithType.vb: Object.GetType()
  fullName.vb: Object.GetType()
  spec.csharp:
  - uid: System.Object.GetType
    name: GetType
    isExternal: true
    href: https://learn.microsoft.com/dotnet/api/system.object.gettype
  - name: (
  - name: )
  spec.vb:
  - uid: System.Object.GetType
    name: GetType
    isExternal: true
    href: https://learn.microsoft.com/dotnet/api/system.object.gettype
  - name: (
  - name: )
- uid: System.Object.ReferenceEquals(System.Object,System.Object)
  commentId: M:System.Object.ReferenceEquals(System.Object,System.Object)
  parent: System.Object
  isExternal: true
  href: https://learn.microsoft.com/dotnet/api/system.object.referenceequals
  name: ReferenceEquals(object, object)
  nameWithType: object.ReferenceEquals(object, object)
  fullName: object.ReferenceEquals(object, object)
  nameWithType.vb: Object.ReferenceEquals(Object, Object)
  fullName.vb: Object.ReferenceEquals(Object, Object)
  name.vb: ReferenceEquals(Object, Object)
  spec.csharp:
  - uid: System.Object.ReferenceEquals(System.Object,System.Object)
    name: ReferenceEquals
    isExternal: true
    href: https://learn.microsoft.com/dotnet/api/system.object.referenceequals
  - name: (
  - uid: System.Object
    name: object
    isExternal: true
    href: https://learn.microsoft.com/dotnet/api/system.object
  - name: ','
  - name: " "
  - uid: System.Object
    name: object
    isExternal: true
    href: https://learn.microsoft.com/dotnet/api/system.object
  - name: )
  spec.vb:
  - uid: System.Object.ReferenceEquals(System.Object,System.Object)
    name: ReferenceEquals
    isExternal: true
    href: https://learn.microsoft.com/dotnet/api/system.object.referenceequals
  - name: (
  - uid: System.Object
    name: Object
    isExternal: true
    href: https://learn.microsoft.com/dotnet/api/system.object
  - name: ','
  - name: " "
  - uid: System.Object
    name: Object
    isExternal: true
    href: https://learn.microsoft.com/dotnet/api/system.object
  - name: )
- uid: System.Object.ToString
  commentId: M:System.Object.ToString
  parent: System.Object
  isExternal: true
  href: https://learn.microsoft.com/dotnet/api/system.object.tostring
  name: ToString()
  nameWithType: object.ToString()
  fullName: object.ToString()
  nameWithType.vb: Object.ToString()
  fullName.vb: Object.ToString()
  spec.csharp:
  - uid: System.Object.ToString
    name: ToString
    isExternal: true
    href: https://learn.microsoft.com/dotnet/api/system.object.tostring
  - name: (
  - name: )
  spec.vb:
  - uid: System.Object.ToString
    name: ToString
    isExternal: true
    href: https://learn.microsoft.com/dotnet/api/system.object.tostring
  - name: (
  - name: )
- uid: System
  commentId: N:System
  isExternal: true
  href: https://learn.microsoft.com/dotnet/api/system
  name: System
  nameWithType: System
  fullName: System
- uid: System.IEquatable`1
  commentId: T:System.IEquatable`1
  isExternal: true
  href: https://learn.microsoft.com/dotnet/api/system.iequatable-1
  name: IEquatable<T>
  nameWithType: IEquatable<T>
  fullName: System.IEquatable<T>
  nameWithType.vb: IEquatable(Of T)
  fullName.vb: System.IEquatable(Of T)
  name.vb: IEquatable(Of T)
  spec.csharp:
  - uid: System.IEquatable`1
    name: IEquatable
    isExternal: true
    href: https://learn.microsoft.com/dotnet/api/system.iequatable-1
  - name: <
  - name: T
  - name: '>'
  spec.vb:
  - uid: System.IEquatable`1
    name: IEquatable
    isExternal: true
    href: https://learn.microsoft.com/dotnet/api/system.iequatable-1
  - name: (
  - name: Of
  - name: " "
  - name: T
  - name: )
- uid: KernSmith.Output.Model.InfoBlock.#ctor*
  commentId: Overload:KernSmith.Output.Model.InfoBlock.#ctor
  href: KernSmith.Output.Model.InfoBlock.html#KernSmith_Output_Model_InfoBlock__ctor_System_String_System_Int32_System_Boolean_System_Boolean_System_Boolean_System_Boolean_System_Boolean_System_Int32_System_String_System_Int32_KernSmith_Padding_KernSmith_Spacing_System_Int32_
  name: InfoBlock
  nameWithType: InfoBlock.InfoBlock
  fullName: KernSmith.Output.Model.InfoBlock.InfoBlock
  nameWithType.vb: InfoBlock.New
  fullName.vb: KernSmith.Output.Model.InfoBlock.New
  name.vb: New
- uid: System.String
  commentId: T:System.String
  parent: System
  isExternal: true
  href: https://learn.microsoft.com/dotnet/api/system.string
  name: string
  nameWithType: string
  fullName: string
  nameWithType.vb: String
  fullName.vb: String
  name.vb: String
- uid: System.Int32
  commentId: T:System.Int32
  parent: System
  isExternal: true
  href: https://learn.microsoft.com/dotnet/api/system.int32
  name: int
  nameWithType: int
  fullName: int
  nameWithType.vb: Integer
  fullName.vb: Integer
  name.vb: Integer
- uid: System.Boolean
  commentId: T:System.Boolean
  parent: System
  isExternal: true
  href: https://learn.microsoft.com/dotnet/api/system.boolean
  name: bool
  nameWithType: bool
  fullName: bool
  nameWithType.vb: Boolean
  fullName.vb: Boolean
  name.vb: Boolean
- uid: KernSmith.Padding
  commentId: T:KernSmith.Padding
  parent: KernSmith
  href: KernSmith.Padding.html
  name: Padding
  nameWithType: Padding
  fullName: KernSmith.Padding
- uid: KernSmith.Spacing
  commentId: T:KernSmith.Spacing
  parent: KernSmith
  href: KernSmith.Spacing.html
  name: Spacing
  nameWithType: Spacing
  fullName: KernSmith.Spacing
- uid: KernSmith
  commentId: N:KernSmith
  href: KernSmith.html
  name: KernSmith
  nameWithType: KernSmith
  fullName: KernSmith
- uid: KernSmith.Output.Model.InfoBlock.Face*
  commentId: Overload:KernSmith.Output.Model.InfoBlock.Face
  href: KernSmith.Output.Model.InfoBlock.html#KernSmith_Output_Model_InfoBlock_Face
  name: Face
  nameWithType: InfoBlock.Face
  fullName: KernSmith.Output.Model.InfoBlock.Face
- uid: KernSmith.Output.Model.InfoBlock.Size*
  commentId: Overload:KernSmith.Output.Model.InfoBlock.Size
  href: KernSmith.Output.Model.InfoBlock.html#KernSmith_Output_Model_InfoBlock_Size
  name: Size
  nameWithType: InfoBlock.Size
  fullName: KernSmith.Output.Model.InfoBlock.Size
- uid: KernSmith.Output.Model.InfoBlock.Bold*
  commentId: Overload:KernSmith.Output.Model.InfoBlock.Bold
  href: KernSmith.Output.Model.InfoBlock.html#KernSmith_Output_Model_InfoBlock_Bold
  name: Bold
  nameWithType: InfoBlock.Bold
  fullName: KernSmith.Output.Model.InfoBlock.Bold
- uid: KernSmith.Output.Model.InfoBlock.Italic*
  commentId: Overload:KernSmith.Output.Model.InfoBlock.Italic
  href: KernSmith.Output.Model.InfoBlock.html#KernSmith_Output_Model_InfoBlock_Italic
  name: Italic
  nameWithType: InfoBlock.Italic
  fullName: KernSmith.Output.Model.InfoBlock.Italic
- uid: KernSmith.Output.Model.InfoBlock.Unicode*
  commentId: Overload:KernSmith.Output.Model.InfoBlock.Unicode
  href: KernSmith.Output.Model.InfoBlock.html#KernSmith_Output_Model_InfoBlock_Unicode
  name: Unicode
  nameWithType: InfoBlock.Unicode
  fullName: KernSmith.Output.Model.InfoBlock.Unicode
- uid: KernSmith.Output.Model.InfoBlock.Smooth*
  commentId: Overload:KernSmith.Output.Model.InfoBlock.Smooth
  href: KernSmith.Output.Model.InfoBlock.html#KernSmith_Output_Model_InfoBlock_Smooth
  name: Smooth
  nameWithType: InfoBlock.Smooth
  fullName: KernSmith.Output.Model.InfoBlock.Smooth
- uid: KernSmith.Output.Model.InfoBlock.FixedHeight*
  commentId: Overload:KernSmith.Output.Model.InfoBlock.FixedHeight
  href: KernSmith.Output.Model.InfoBlock.html#KernSmith_Output_Model_InfoBlock_FixedHeight
  name: FixedHeight
  nameWithType: InfoBlock.FixedHeight
  fullName: KernSmith.Output.Model.InfoBlock.FixedHeight
- uid: KernSmith.Output.Model.InfoBlock.Padding*
  commentId: Overload:KernSmith.Output.Model.InfoBlock.Padding
  href: KernSmith.Output.Model.InfoBlock.html#KernSmith_Output_Model_InfoBlock_Padding
  name: Padding
  nameWithType: InfoBlock.Padding
  fullName: KernSmith.Output.Model.InfoBlock.Padding
- uid: KernSmith.Output.Model.InfoBlock.Spacing*
  commentId: Overload:KernSmith.Output.Model.InfoBlock.Spacing
  href: KernSmith.Output.Model.InfoBlock.html#KernSmith_Output_Model_InfoBlock_Spacing
  name: Spacing
  nameWithType: InfoBlock.Spacing
  fullName: KernSmith.Output.Model.InfoBlock.Spacing
- uid: KernSmith.Output.Model.InfoBlock.StretchH*
  commentId: Overload:KernSmith.Output.Model.InfoBlock.StretchH
  href: KernSmith.Output.Model.InfoBlock.html#KernSmith_Output_Model_InfoBlock_StretchH
  name: StretchH
  nameWithType: InfoBlock.StretchH
  fullName: KernSmith.Output.Model.InfoBlock.StretchH
- uid: KernSmith.Output.Model.InfoBlock.Charset*
  commentId: Overload:KernSmith.Output.Model.InfoBlock.Charset
  href: KernSmith.Output.Model.InfoBlock.html#KernSmith_Output_Model_InfoBlock_Charset
  name: Charset
  nameWithType: InfoBlock.Charset
  fullName: KernSmith.Output.Model.InfoBlock.Charset
- uid: KernSmith.Output.Model.InfoBlock.Aa*
  commentId: Overload:KernSmith.Output.Model.InfoBlock.Aa
  href: KernSmith.Output.Model.InfoBlock.html#KernSmith_Output_Model_InfoBlock_Aa
  name: Aa
  nameWithType: InfoBlock.Aa
  fullName: KernSmith.Output.Model.InfoBlock.Aa
- uid: KernSmith.Output.Model.InfoBlock.Outline*
  commentId: Overload:KernSmith.Output.Model.InfoBlock.Outline
  href: KernSmith.Output.Model.InfoBlock.html#KernSmith_Output_Model_InfoBlock_Outline
  name: Outline
  nameWithType: InfoBlock.Outline
  fullName: KernSmith.Output.Model.InfoBlock.Outline
